// !$*UTF8*$!
{
	archiveVersion = 1;
	classes = {
	};
	objectVersion = 56;
	objects = {

/* Begin PBXBuildFile section */
		35AFA38D2A235A53006E5625 /* HitListApp.swift in Sources */ = {isa = PBXBuildFile; fileRef = 35AFA38C2A235A53006E5625 /* HitListApp.swift */; };
		35AFA38F2A235A53006E5625 /* ContentView.swift in Sources */ = {isa = PBXBuildFile; fileRef = 35AFA38E2A235A53006E5625 /* ContentView.swift */; };
		35AFA3912A235A56006E5625 /* Assets.xcassets in Resources */ = {isa = PBXBuildFile; fileRef = 35AFA3902A235A56006E5625 /* Assets.xcassets */; };
		35AFA3942A235A56006E5625 /* Preview Assets.xcassets in Resources */ = {isa = PBXBuildFile; fileRef = 35AFA3932A235A56006E5625 /* Preview Assets.xcassets */; };
		35AFA3962A235A56006E5625 /* Persistence.swift in Sources */ = {isa = PBXBuildFile; fileRef = 35AFA3952A235A56006E5625 /* Persistence.swift */; };
		35AFA3992A235A56006E5625 /* HitList.xcdatamodeld in Sources */ = {isa = PBXBuildFile; fileRef = 35AFA3972A235A56006E5625 /* HitList.xcdatamodeld */; };
		35AFA3A32A235A56006E5625 /* HitListTests.swift in Sources */ = {isa = PBXBuildFile; fileRef = 35AFA3A22A235A56006E5625 /* HitListTests.swift */; };
		35AFA3AD2A235A56006E5625 /* HitListUITests.swift in Sources */ = {isa = PBXBuildFile; fileRef = 35AFA3AC2A235A56006E5625 /* HitListUITests.swift */; };
		35AFA3AF2A235A56006E5625 /* HitListUITestsLaunchTests.swift in Sources */ = {isa = PBXBuildFile; fileRef = 35AFA3AE2A235A56006E5625 /* HitListUITestsLaunchTests.swift */; };
/* End PBXBuildFile section */

/* Begin PBXContainerItemProxy section */
		35AFA39F2A235A56006E5625 /* PBXContainerItemProxy */ = {
			isa = PBXContainerItemProxy;
			containerPortal = 35AFA3812A235A53006E5625 /* Project object */;
			proxyType = 1;
			remoteGlobalIDString = 35AFA3882A235A53006E5625;
			remoteInfo = HitList;
		};
		35AFA3A92A235A56006E5625 /* PBXContainerItemProxy */ = {
			isa = PBXContainerItemProxy;
			containerPortal = 35AFA3812A235A53006E5625 /* Project object */;
			proxyType = 1;
			remoteGlobalIDString = 35AFA3882A235A53006E5625;
			remoteInfo = HitList;
		};
/* End PBXContainerItemProxy section */

/* Begin PBXFileReference section */
		35AFA3892A235A53006E5625 /* HitList.app */ = {isa = PBXFileReference; explicitFileType = wrapper.application; includeInIndex = 0; path = HitList.app; sourceTree = BUILT_PRODUCTS_DIR; };
		35AFA38C2A235A53006E5625 /* HitListApp.swift */ = {isa = PBXFileReference; lastKnownFileType = sourcecode.swift; path = HitListApp.swift; sourceTree = "<group>"; };
		35AFA38E2A235A53006E5625 /* ContentView.swift */ = {isa = PBXFileReference; lastKnownFileType = sourcecode.swift; path = ContentView.swift; sourceTree = "<group>"; };
		35AFA3902A235A56006E5625 /* Assets.xcassets */ = {isa = PBXFileReference; lastKnownFileType = folder.assetcatalog; path = Assets.xcassets; sourceTree = "<group>"; };
		35AFA3932A235A56006E5625 /* Preview Assets.xcassets */ = {isa = PBXFileReference; lastKnownFileType = folder.assetcatalog; path = "Preview Assets.xcassets"; sourceTree = "<group>"; };
		35AFA3952A235A56006E5625 /* Persistence.swift */ = {isa = PBXFileReference; lastKnownFileType = sourcecode.swift; path = Persistence.swift; sourceTree = "<group>"; };
		35AFA3982A235A56006E5625 /* HitList.xcdatamodel */ = {isa = PBXFileReference; lastKnownFileType = wrapper.xcdatamodel; path = HitList.xcdatamodel; sourceTree = "<group>"; };
		35AFA39E2A235A56006E5625 /* HitListTests.xctest */ = {isa = PBXFileReference; explicitFileType = wrapper.cfbundle; includeInIndex = 0; path = HitListTests.xctest; sourceTree = BUILT_PRODUCTS_DIR; };
		35AFA3A22A235A56006E5625 /* HitListTests.swift */ = {isa = PBXFileReference; lastKnownFileType = sourcecode.swift; path = HitListTests.swift; sourceTree = "<group>"; };
		35AFA3A82A235A56006E5625 /* HitListUITests.xctest */ = {isa = PBXFileReference; explicitFileType = wrapper.cfbundle; includeInIndex = 0; path = HitListUITests.xctest; sourceTree = BUILT_PRODUCTS_DIR; };
		35AFA3AC2A235A56006E5625 /* HitListUITests.swift */ = {isa = PBXFileReference; lastKnownFileType = sourcecode.swift; path = HitListUITests.swift; sourceTree = "<group>"; };
		35AFA3AE2A235A56006E5625 /* HitListUITestsLaunchTests.swift */ = {isa = PBXFileReference; lastKnownFileType = sourcecode.swift; path = HitListUITestsLaunchTests.swift; sourceTree = "<group>"; };
/* End PBXFileReference section */

/* Begin PBXFrameworksBuildPhase section */
		35AFA3862A235A53006E5625 /* Frameworks */ = {
			isa = PBXFrameworksBuildPhase;
			buildActionMask = 2147483647;
			files = (
			);
			runOnlyForDeploymentPostprocessing = 0;
		};
		35AFA39B2A235A56006E5625 /* Frameworks */ = {
			isa = PBXFrameworksBuildPhase;
			buildActionMask = 2147483647;
			files = (
			);
			runOnlyForDeploymentPostprocessing = 0;
		};
		35AFA3A52A235A56006E5625 /* Frameworks */ = {
			isa = PBXFrameworksBuildPhase;
			buildActionMask = 2147483647;
			files = (
			);
			runOnlyForDeploymentPostprocessing = 0;
		};
/* End PBXFrameworksBuildPhase section */

/* Begin PBXGroup section */
		35AFA3802A235A53006E5625 = {
			isa = PBXGroup;
			children = (
				35AFA38B2A235A53006E5625 /* HitList */,
				35AFA3A12A235A56006E5625 /* HitListTests */,
				35AFA3AB2A235A56006E5625 /* HitListUITests */,
				35AFA38A2A235A53006E5625 /* Products */,
			);
			sourceTree = "<group>";
		};
		35AFA38A2A235A53006E5625 /* Products */ = {
			isa = PBXGroup;
			children = (
				35AFA3892A235A53006E5625 /* HitList.app */,
				35AFA39E2A235A56006E5625 /* HitListTests.xctest */,
				35AFA3A82A235A56006E5625 /* HitListUITests.xctest */,
			);
			name = Products;
			sourceTree = "<group>";
		};
		35AFA38B2A235A53006E5625 /* HitList */ = {
			isa = PBXGroup;
			children = (
				35AFA38C2A235A53006E5625 /* HitListApp.swift */,
				35AFA38E2A235A53006E5625 /* ContentView.swift */,
				35AFA3952A235A56006E5625 /* Persistence.swift */,
				35AFA3902A235A56006E5625 /* Assets.xcassets */,
				35AFA3972A235A56006E5625 /* HitList.xcdatamodeld */,
				35AFA3922A235A56006E5625 /* Preview Content */,
			);
			path = HitList;
			sourceTree = "<group>";
		};
		35AFA3922A235A56006E5625 /* Preview Content */ = {
			isa = PBXGroup;
			children = (
				35AFA3932A235A56006E5625 /* Preview Assets.xcassets */,
			);
			path = "Preview Content";
			sourceTree = "<group>";
		};
		35AFA3A12A235A56006E5625 /* HitListTests */ = {
			isa = PBXGroup;
			children = (
				35AFA3A22A235A56006E5625 /* HitListTests.swift */,
			);
			path = HitListTests;
			sourceTree = "<group>";
		};
		35AFA3AB2A235A56006E5625 /* HitListUITests */ = {
			isa = PBXGroup;
			children = (
				35AFA3AC2A235A56006E5625 /* HitListUITests.swift */,
				35AFA3AE2A235A56006E5625 /* HitListUITestsLaunchTests.swift */,
			);
			path = HitListUITests;
			sourceTree = "<group>";
		};
/* End PBXGroup section */

/* Begin PBXNativeTarget section */
		35AFA3882A235A53006E5625 /* HitList */ = {
			isa = PBXNativeTarget;
			buildConfigurationList = 35AFA3B22A235A56006E5625 /* Build configuration list for PBXNativeTarget "HitList" */;
			buildPhases = (
				35AFA3852A235A53006E5625 /* Sources */,
				35AFA3862A235A53006E5625 /* Frameworks */,
				35AFA3872A235A53006E5625 /* Resources */,
			);
			buildRules = (
			);
			dependencies = (
			);
			name = HitList;
			productName = HitList;
			productReference = 35AFA3892A235A53006E5625 /* HitList.app */;
			productType = "com.apple.product-type.application";
		};
		35AFA39D2A235A56006E5625 /* HitListTests */ = {
			isa = PBXNativeTarget;
			buildConfigurationList = 35AFA3B52A235A56006E5625 /* Build configuration list for PBXNativeTarget "HitListTests" */;
			buildPhases = (
				35AFA39A2A235A56006E5625 /* Sources */,
				35AFA39B2A235A56006E5625 /* Frameworks */,
				35AFA39C2A235A56006E5625 /* Resources */,
			);
			buildRules = (
			);
			dependencies = (
				35AFA3A02A235A56006E5625 /* PBXTargetDependency */,
			);
			name = HitListTests;
			productName = HitListTests;
			productReference = 35AFA39E2A235A56006E5625 /* HitListTests.xctest */;
			productType = "com.apple.product-type.bundle.unit-test";
		};
		35AFA3A72A235A56006E5625 /* HitListUITests */ = {
			isa = PBXNativeTarget;
			buildConfigurationList = 35AFA3B82A235A56006E5625 /* Build configuration list for PBXNativeTarget "HitListUITests" */;
			buildPhases = (
				35AFA3A42A235A56006E5625 /* Sources */,
				35AFA3A52A235A56006E5625 /* Frameworks */,
				35AFA3A62A235A56006E5625 /* Resources */,
			);
			buildRules = (
			);
			dependencies = (
				35AFA3AA2A235A56006E5625 /* PBXTargetDependency */,
			);
			name = HitListUITests;
			productName = HitListUITests;
			productReference = 35AFA3A82A235A56006E5625 /* HitListUITests.xctest */;
			productType = "com.apple.product-type.bundle.ui-testing";
		};
/* End PBXNativeTarget section */

/* Begin PBXProject section */
		35AFA3812A235A53006E5625 /* Project object */ = {
			isa = PBXProject;
			attributes = {
				BuildIndependentTargetsInParallel = 1;
				LastSwiftUpdateCheck = 1420;
				LastUpgradeCheck = 1420;
				TargetAttributes = {
					35AFA3882A235A53006E5625 = {
						CreatedOnToolsVersion = 14.2;
					};
					35AFA39D2A235A56006E5625 = {
						CreatedOnToolsVersion = 14.2;
						TestTargetID = 35AFA3882A235A53006E5625;
					};
					35AFA3A72A235A56006E5625 = {
						CreatedOnToolsVersion = 14.2;
						TestTargetID = 35AFA3882A235A53006E5625;
					};
				};
			};
			buildConfigurationList = 35AFA3842A235A53006E5625 /* Build configuration list for PBXProject "HitList" */;
			compatibilityVersion = "Xcode 14.0";
			developmentRegion = en;
			hasScannedForEncodings = 0;
			knownRegions = (
				en,
				Base,
			);
			mainGroup = 35AFA3802A235A53006E5625;
			productRefGroup = 35AFA38A2A235A53006E5625 /* Products */;
			projectDirPath = "";
			projectRoot = "";
			targets = (
				35AFA3882A235A53006E5625 /* HitList */,
				35AFA39D2A235A56006E5625 /* HitListTests */,
				35AFA3A72A235A56006E5625 /* HitListUITests */,
			);
		};
/* End PBXProject section */

/* Begin PBXResourcesBuildPhase section */
		35AFA3872A235A53006E5625 /* Resources */ = {
			isa = PBXResourcesBuildPhase;
			buildActionMask = 2147483647;
			files = (
				35AFA3942A235A56006E5625 /* Preview Assets.xcassets in Resources */,
				35AFA3912A235A56006E5625 /* Assets.xcassets in Resources */,
			);
			runOnlyForDeploymentPostprocessing = 0;
		};
		35AFA39C2A235A56006E5625 /* Resources */ = {
			isa = PBXResourcesBuildPhase;
			buildActionMask = 2147483647;
			files = (
			);
			runOnlyForDeploymentPostprocessing = 0;
		};
		35AFA3A62A235A56006E5625 /* Resources */ = {
			isa = PBXResourcesBuildPhase;
			buildActionMask = 2147483647;
			files = (
			);
			runOnlyForDeploymentPostprocessing = 0;
		};
/* End PBXResourcesBuildPhase section */

/* Begin PBXSourcesBuildPhase section */
		35AFA3852A235A53006E5625 /* Sources */ = {
			isa = PBXSourcesBuildPhase;
			buildActionMask = 2147483647;
			files = (
				35AFA3962A235A56006E5625 /* Persistence.swift in Sources */,
				35AFA3992A235A56006E5625 /* HitList.xcdatamodeld in Sources */,
				35AFA38F2A235A53006E5625 /* ContentView.swift in Sources */,
				35AFA38D2A235A53006E5625 /* HitListApp.swift in Sources */,
			);
			runOnlyForDeploymentPostprocessing = 0;
		};
		35AFA39A2A235A56006E5625 /* Sources */ = {
			isa = PBXSourcesBuildPhase;
			buildActionMask = 2147483647;
			files = (
				35AFA3A32A235A56006E5625 /* HitListTests.swift in Sources */,
			);
			runOnlyForDeploymentPostprocessing = 0;
		};
		35AFA3A42A235A56006E5625 /* Sources */ = {
			isa = PBXSourcesBuildPhase;
			buildActionMask = 2147483647;
			files = (
				35AFA3AF2A235A56006E5625 /* HitListUITestsLaunchTests.swift in Sources */,
				35AFA3AD2A235A56006E5625 /* HitListUITests.swift in Sources */,
			);
			runOnlyForDeploymentPostprocessing = 0;
		};
/* End PBXSourcesBuildPhase section */

/* Begin PBXTargetDependency section */
		35AFA3A02A235A56006E5625 /* PBXTargetDependency */ = {
			isa = PBXTargetDependency;
			target = 35AFA3882A235A53006E5625 /* HitList */;
			targetProxy = 35AFA39F2A235A56006E5625 /* PBXContainerItemProxy */;
		};
		35AFA3AA2A235A56006E5625 /* PBXTargetDependency */ = {
			isa = PBXTargetDependency;
			target = 35AFA3882A235A53006E5625 /* HitList */;
			targetProxy = 35AFA3A92A235A56006E5625 /* PBXContainerItemProxy */;
		};
/* End PBXTargetDependency section */

/* Begin XCBuildConfiguration section */
		35AFA3B02A235A56006E5625 /* Debug */ = {
			isa = XCBuildConfiguration;
			buildSettings = {
				ALWAYS_SEARCH_USER_PATHS = NO;
				CLANG_ANALYZER_NONNULL = YES;
				CLANG_ANALYZER_NUMBER_OBJECT_CONVERSION = YES_AGGRESSIVE;
				CLANG_CXX_LANGUAGE_STANDARD = "gnu++20";
				CLANG_ENABLE_MODULES = YES;
				CLANG_ENABLE_OBJC_ARC = YES;
				CLANG_ENABLE_OBJC_WEAK = YES;
				CLANG_WARN_BLOCK_CAPTURE_AUTORELEASING = YES;
				CLANG_WARN_BOOL_CONVERSION = YES;
				CLANG_WARN_COMMA = YES;
				CLANG_WARN_CONSTANT_CONVERSION = YES;
				CLANG_WARN_DEPRECATED_OBJC_IMPLEMENTATIONS = YES;
				CLANG_WARN_DIRECT_OBJC_ISA_USAGE = YES_ERROR;
				CLANG_WARN_DOCUMENTATION_COMMENTS = YES;
				CLANG_WARN_EMPTY_BODY = YES;
				CLANG_WARN_ENUM_CONVERSION = YES;
				CLANG_WARN_INFINITE_RECURSION = YES;
				CLANG_WARN_INT_CONVERSION = YES;
				CLANG_WARN_NON_LITERAL_NULL_CONVERSION = YES;
				CLANG_WARN_OBJC_IMPLICIT_RETAIN_SELF = YES;
				CLANG_WARN_OBJC_LITERAL_CONVERSION = YES;
				CLANG_WARN_OBJC_ROOT_CLASS = YES_ERROR;
				CLANG_WARN_QUOTED_INCLUDE_IN_FRAMEWORK_HEADER = YES;
				CLANG_WARN_RANGE_LOOP_ANALYSIS = YES;
				CLANG_WARN_STRICT_PROTOTYPES = YES;
				CLANG_WARN_SUSPICIOUS_MOVE = YES;
				CLANG_WARN_UNGUARDED_AVAILABILITY = YES_AGGRESSIVE;
				CLANG_WARN_UNREACHABLE_CODE = YES;
				CLANG_WARN__DUPLICATE_METHOD_MATCH = YES;
				COPY_PHASE_STRIP = NO;
				DEBUG_INFORMATION_FORMAT = dwarf;
				ENABLE_STRICT_OBJC_MSGSEND = YES;
				ENABLE_TESTABILITY = YES;
				GCC_C_LANGUAGE_STANDARD = gnu11;
				GCC_DYNAMIC_NO_PIC = NO;
				GCC_NO_COMMON_BLOCKS = YES;
				GCC_OPTIMIZATION_LEVEL = 0;
				GCC_PREPROCESSOR_DEFINITIONS = (
					"DEBUG=1",
					"$(inherited)",
				);
				GCC_WARN_64_TO_32_BIT_CONVERSION = YES;
				GCC_WARN_ABOUT_RETURN_TYPE = YES_ERROR;
				GCC_WARN_UNDECLARED_SELECTOR = YES;
				GCC_WARN_UNINITIALIZED_AUTOS = YES_AGGRESSIVE;
				GCC_WARN_UNUSED_FUNCTION = YES;
				GCC_WARN_UNUSED_VARIABLE = YES;
				IPHONEOS_DEPLOYMENT_TARGET = 16.2;
				MTL_ENABLE_DEBUG_INFO = INCLUDE_SOURCE;
				MTL_FAST_MATH = YES;
				ONLY_ACTIVE_ARCH = YES;
				SDKROOT = iphoneos;
				SWIFT_ACTIVE_COMPILATION_CONDITIONS = DEBUG;
				SWIFT_OPTIMIZATION_LEVEL = "-Onone";
			};
			name = Debug;
		};
		35AFA3B12A235A56006E5625 /* Release */ = {
			isa = XCBuildConfiguration;
			buildSettings = {
				ALWAYS_SEARCH_USER_PATHS = NO;
				CLANG_ANALYZER_NONNULL = YES;
				CLANG_ANALYZER_NUMBER_OBJECT_CONVERSION = YES_AGGRESSIVE;
				CLANG_CXX_LANGUAGE_STANDARD = "gnu++20";
				CLANG_ENABLE_MODULES = YES;
				CLANG_ENABLE_OBJC_ARC = YES;
				CLANG_ENABLE_OBJC_WEAK = YES;
				CLANG_WARN_BLOCK_CAPTURE_AUTORELEASING = YES;
				CLANG_WARN_BOOL_CONVERSION = YES;
				CLANG_WARN_COMMA = YES;
				CLANG_WARN_CONSTANT_CONVERSION = YES;
				CLANG_WARN_DEPRECATED_OBJC_IMPLEMENTATIONS = YES;
				CLANG_WARN_DIRECT_OBJC_ISA_USAGE = YES_ERROR;
				CLANG_WARN_DOCUMENTATION_COMMENTS = YES;
				CLANG_WARN_EMPTY_BODY = YES;
				CLANG_WARN_ENUM_CONVERSION = YES;
				CLANG_WARN_INFINITE_RECURSION = YES;
				CLANG_WARN_INT_CONVERSION = YES;
				CLANG_WARN_NON_LITERAL_NULL_CONVERSION = YES;
				CLANG_WARN_OBJC_IMPLICIT_RETAIN_SELF = YES;
				CLANG_WARN_OBJC_LITERAL_CONVERSION = YES;
				CLANG_WARN_OBJC_ROOT_CLASS = YES_ERROR;
				CLANG_WARN_QUOTED_INCLUDE_IN_FRAMEWORK_HEADER = YES;
				CLANG_WARN_RANGE_LOOP_ANALYSIS = YES;
				CLANG_WARN_STRICT_PROTOTYPES = YES;
				CLANG_WARN_SUSPICIOUS_MOVE = YES;
				CLANG_WARN_UNGUARDED_AVAILABILITY = YES_AGGRESSIVE;
				CLANG_WARN_UNREACHABLE_CODE = YES;
				CLANG_WARN__DUPLICATE_METHOD_MATCH = YES;
				COPY_PHASE_STRIP = NO;
				DEBUG_INFORMATION_FORMAT = "dwarf-with-dsym";
				ENABLE_NS_ASSERTIONS = NO;
				ENABLE_STRICT_OBJC_MSGSEND = YES;
				GCC_C_LANGUAGE_STANDARD = gnu11;
				GCC_NO_COMMON_BLOCKS = YES;
				GCC_WARN_64_TO_32_BIT_CONVERSION = YES;
				GCC_WARN_ABOUT_RETURN_TYPE = YES_ERROR;
				GCC_WARN_UNDECLARED_SELECTOR = YES;
				GCC_WARN_UNINITIALIZED_AUTOS = YES_AGGRESSIVE;
				GCC_WARN_UNUSED_FUNCTION = YES;
				GCC_WARN_UNUSED_VARIABLE = YES;
				IPHONEOS_DEPLOYMENT_TARGET = 16.2;
				MTL_ENABLE_DEBUG_INFO = NO;
				MTL_FAST_MATH = YES;
				SDKROOT = iphoneos;
				SWIFT_COMPILATION_MODE = wholemodule;
				SWIFT_OPTIMIZATION_LEVEL = "-O";
				VALIDATE_PRODUCT = YES;
			};
			name = Release;
		};
		35AFA3B32A235A56006E5625 /* Debug */ = {
			isa = XCBuildConfiguration;
			buildSettings = {
				ASSETCATALOG_COMPILER_APPICON_NAME = AppIcon;
				ASSETCATALOG_COMPILER_GLOBAL_ACCENT_COLOR_NAME = AccentColor;
				CODE_SIGN_STYLE = Automatic;
				CURRENT_PROJECT_VERSION = 1;
				DEVELOPMENT_ASSET_PATHS = "\"HitList/Preview Content\"";
				DEVELOPMENT_TEAM = QYJ353CJUT;
				ENABLE_PREVIEWS = YES;
				GENERATE_INFOPLIST_FILE = YES;
				INFOPLIST_KEY_UIApplicationSceneManifest_Generation = YES;
				INFOPLIST_KEY_UIApplicationSupportsIndirectInputEvents = YES;
				INFOPLIST_KEY_UILaunchScreen_Generation = YES;
				INFOPLIST_KEY_UISupportedInterfaceOrientations_iPad = "UIInterfaceOrientationPortrait UIInterfaceOrientationPortraitUpsideDown UIInterfaceOrientationLandscapeLeft UIInterfaceOrientationLandscapeRight";
				INFOPLIST_KEY_UISupportedInterfaceOrientations_iPhone = "UIInterfaceOrientationPortrait UIInterfaceOrientationLandscapeLeft UIInterfaceOrientationLandscapeRight";
				LD_RUNPATH_SEARCH_PATHS = (
					"$(inherited)",
					"@executable_path/Frameworks",
				);
				MARKETING_VERSION = 1.0;
				PRODUCT_BUNDLE_IDENTIFIER = com.yulian.HitList;
				PRODUCT_NAME = "$(TARGET_NAME)";
				SWIFT_EMIT_LOC_STRINGS = YES;
				SWIFT_VERSION = 5.0;
				TARGETED_DEVICE_FAMILY = "1,2";
			};
			name = Debug;
		};
		35AFA3B42A235A56006E5625 /* Release */ = {
			isa = XCBuildConfiguration;
			buildSettings = {
				ASSETCATALOG_COMPILER_APPICON_NAME = AppIcon;
				ASSETCATALOG_COMPILER_GLOBAL_ACCENT_COLOR_NAME = AccentColor;
				CODE_SIGN_STYLE = Automatic;
				CURRENT_PROJECT_VERSION = 1;
				DEVELOPMENT_ASSET_PATHS = "\"HitList/Preview Content\"";
				DEVELOPMENT_TEAM = QYJ353CJUT;
				ENABLE_PREVIEWS = YES;
				GENERATE_INFOPLIST_FILE = YES;
				INFOPLIST_KEY_UIApplicationSceneManifest_Generation = YES;
				INFOPLIST_KEY_UIApplicationSupportsIndirectInputEvents = YES;
				INFOPLIST_KEY_UILaunchScreen_Generation = YES;
				INFOPLIST_KEY_UISupportedInterfaceOrientations_iPad = "UIInterfaceOrientationPortrait UIInterfaceOrientationPortraitUpsideDown UIInterfaceOrientationLandscapeLeft UIInterfaceOrientationLandscapeRight";
				INFOPLIST_KEY_UISupportedInterfaceOrientations_iPhone = "UIInterfaceOrientationPortrait UIInterfaceOrientationLandscapeLeft UIInterfaceOrientationLandscapeRight";
				LD_RUNPATH_SEARCH_PATHS = (
					"$(inherited)",
					"@executable_path/Frameworks",
				);
				MARKETING_VERSION = 1.0;
				PRODUCT_BUNDLE_IDENTIFIER = com.yulian.HitList;
				PRODUCT_NAME = "$(TARGET_NAME)";
				SWIFT_EMIT_LOC_STRINGS = YES;
				SWIFT_VERSION = 5.0;
				TARGETED_DEVICE_FAMILY = "1,2";
			};
			name = Release;
		};
		35AFA3B62A235A56006E5625 /* Debug */ = {
			isa = XCBuildConfiguration;
			buildSettings = {
				ALWAYS_EMBED_SWIFT_STANDARD_LIBRARIES = YES;
				BUNDLE_LOADER = "$(TEST_HOST)";
				CODE_SIGN_STYLE = Automatic;
				CURRENT_PROJECT_VERSION = 1;
				DEVELOPMENT_TEAM = QYJ353CJUT;
				GENERATE_INFOPLIST_FILE = YES;
				IPHONEOS_DEPLOYMENT_TARGET = 16.2;
				MARKETING_VERSION = 1.0;
				PRODUCT_BUNDLE_IDENTIFIER = com.yulian.HitListTests;
				PRODUCT_NAME = "$(TARGET_NAME)";
				SWIFT_EMIT_LOC_STRINGS = NO;
				SWIFT_VERSION = 5.0;
				TARGETED_DEVICE_FAMILY = "1,2";
				TEST_HOST = "$(BUILT_PRODUCTS_DIR)/HitList.app/$(BUNDLE_EXECUTABLE_FOLDER_PATH)/HitList";
			};
			name = Debug;
		};
		35AFA3B72A235A56006E5625 /* Release */ = {
			isa = XCBuildConfiguration;
			buildSettings = {
				ALWAYS_EMBED_SWIFT_STANDARD_LIBRARIES = YES;
				BUNDLE_LOADER = "$(TEST_HOST)";
				CODE_SIGN_STYLE = Automatic;
				CURRENT_PROJECT_VERSION = 1;
				DEVELOPMENT_TEAM = QYJ353CJUT;
				GENERATE_INFOPLIST_FILE = YES;
				IPHONEOS_DEPLOYMENT_TARGET = 16.2;
				MARKETING_VERSION = 1.0;
				PRODUCT_BUNDLE_IDENTIFIER = com.yulian.HitListTests;
				PRODUCT_NAME = "$(TARGET_NAME)";
				SWIFT_EMIT_LOC_STRINGS = NO;
				SWIFT_VERSION = 5.0;
				TARGETED_DEVICE_FAMILY = "1,2";
				TEST_HOST = "$(BUILT_PRODUCTS_DIR)/HitList.app/$(BUNDLE_EXECUTABLE_FOLDER_PATH)/HitList";
			};
			name = Release;
		};
		35AFA3B92A235A56006E5625 /* Debug */ = {
			isa = XCBuildConfiguration;
			buildSettings = {
				ALWAYS_EMBED_SWIFT_STANDARD_LIBRARIES = YES;
				CODE_SIGN_STYLE = Automatic;
				CURRENT_PROJECT_VERSION = 1;
				DEVELOPMENT_TEAM = QYJ353CJUT;
				GENERATE_INFOPLIST_FILE = YES;
				MARKETING_VERSION = 1.0;
				PRODUCT_BUNDLE_IDENTIFIER = com.yulian.HitListUITests;
				PRODUCT_NAME = "$(TARGET_NAME)";
				SWIFT_EMIT_LOC_STRINGS = NO;
				SWIFT_VERSION = 5.0;
				TARGETED_DEVICE_FAMILY = "1,2";
				TEST_TARGET_NAME = HitList;
			};
			name = Debug;
		};
		35AFA3BA2A235A56006E5625 /* Release */ = {
			isa = XCBuildConfiguration;
			buildSettings = {
				ALWAYS_EMBED_SWIFT_STANDARD_LIBRARIES = YES;
				CODE_SIGN_STYLE = Automatic;
				CURRENT_PROJECT_VERSION = 1;
				DEVELOPMENT_TEAM = QYJ353CJUT;
				GENERATE_INFOPLIST_FILE = YES;
				MARKETING_VERSION = 1.0;
				PRODUCT_BUNDLE_IDENTIFIER = com.yulian.HitListUITests;
				PRODUCT_NAME = "$(TARGET_NAME)";
				SWIFT_EMIT_LOC_STRINGS = NO;
				SWIFT_VERSION = 5.0;
				TARGETED_DEVICE_FAMILY = "1,2";
				TEST_TARGET_NAME = HitList;
			};
			name = Release;
		};
/* End XCBuildConfiguration section */

/* Begin XCConfigurationList section */
		35AFA3842A235A53006E5625 /* Build configuration list for PBXProject "HitList" */ = {
			isa = XCConfigurationList;
			buildConfigurations = (
				35AFA3B02A235A56006E5625 /* Debug */,
				35AFA3B12A235A56006E5625 /* Release */,
			);
			defaultConfigurationIsVisible = 0;
			defaultConfigurationName = Release;
		};
		35AFA3B22A235A56006E5625 /* Build configuration list for PBXNativeTarget "HitList" */ = {
			isa = XCConfigurationList;
			buildConfigurations = (
				35AFA3B32A235A56006E5625 /* Debug */,
				35AFA3B42A235A56006E5625 /* Release */,
			);
			defaultConfigurationIsVisible = 0;
			defaultConfigurationName = Release;
		};
		35AFA3B52A235A56006E5625 /* Build configuration list for PBXNativeTarget "HitListTests" */ = {
			isa = XCConfigurationList;
			buildConfigurations = (
				35AFA3B62A235A56006E5625 /* Debug */,
				35AFA3B72A235A56006E5625 /* Release */,
			);
			defaultConfigurationIsVisible = 0;
			defaultConfigurationName = Release;
		};
		35AFA3B82A235A56006E5625 /* Build configuration list for PBXNativeTarget "HitListUITests" */ = {
			isa = XCConfigurationList;
			buildConfigurations = (
				35AFA3B92A235A56006E5625 /* Debug */,
				35AFA3BA2A235A56006E5625 /* Release */,
			);
			defaultConfigurationIsVisible = 0;
			defaultConfigurationName = Release;
		};
/* End XCConfigurationList section */

/* Begin XCVersionGroup section */
		35AFA3972A235A56006E5625 /* HitList.xcdatamodeld */ = {
			isa = XCVersionGroup;
			children = (
				35AFA3982A235A56006E5625 /* HitList.xcdatamodel */,
			);
			currentVersion = 35AFA3982A235A56006E5625 /* HitList.xcdatamodel */;
			path = HitList.xcdatamodeld;
			sourceTree = "<group>";
			versionGroupType = wrapper.xcdatamodel;
		};
/* End XCVersionGroup section */
	};
	rootObject = 35AFA3812A235A53006E5625 /* Project object */;
}
